
Microsoft Visual Studio Solution File, Format Version 12.00
# Visual Studio 15
VisualStudioVersion = 15.0.26730.10
MinimumVisualStudioVersion = 10.0.40219.1
Project("{FAE04EC0-301F-11D3-BF4B-00C04F79EFBC}") = "WpfApp1", "WpfApp1\WpfApp1.csproj", "{B15CE49A-F9CE-4202-8CD5-11F6B1AFD973}"
EndProject
Global
	GlobalSection(SolutionConfigurationPlatforms) = preSolution
		Debug|Any CPU = Debug|Any CPU
		Release|Any CPU = Release|Any CPU
	EndGlobalSection
	GlobalSection(ProjectConfigurationPlatforms) = postSolution
		{B15CE49A-F9CE-4202-8CD5-11F6B1AFD973}.Debug|Any CPU.ActiveCfg = Debug|Any CPU
		{B15CE49A-F9CE-4202-8CD5-11F6B1AFD973}.Debug|Any CPU.Build.0 = Debug|Any CPU
		{B15CE49A-F9CE-4202-8CD5-11F6B1AFD973}.Release|Any CPU.ActiveCfg = Release|Any CPU
		{B15CE49A-F9CE-4202-8CD5-11F6B1AFD973}.Release|Any CPU.Build.0 = Release|Any CPU
	EndGlobalSection
	GlobalSection(SolutionProperties) = preSolution
		HideSolutionNode = FALSE
	EndGlobalSection
	GlobalSection(ExtensibilityGlobals) = postSolution
		SolutionGuid = {1BF11407-DDA9-4891-A9ED-9F374F21572C}
	EndGlobalSection
EndGlobal
